Microsoft Visual Studio Solution File, Format Version 12.00
# Visual Studio Version 17
Project("{9A19103F-16F7-4668-BE54-9A1E7A4F7556}") = "webkitium", "webkitium.csproj", "{B4E2F0AE-5D1C-4F88-9D1C-AF1C8C9E3A21}"
EndProject
Project("{8BC9CEB8-8B4A-11D0-8D11-00A0C91BC942}") = "webkitium_color", "native\webkitium_color.vcxproj", "{A6C4B2E1-3F8D-4F1A-9C2E-5B9F0D7A1234}"
EndProject
Global
	GlobalSection(SolutionConfigurationPlatforms) = preSolution
		Debug|x64 = Debug|x64
		Release|x64 = Release|x64
	EndGlobalSection
	GlobalSection(ProjectConfigurationPlatforms) = postSolution
		{B4E2F0AE-5D1C-4F88-9D1C-AF1C8C9E3A21}.Debug|x64.ActiveCfg = Debug|x64
		{B4E2F0AE-5D1C-4F88-9D1C-AF1C8C9E3A21}.Debug|x64.Build.0 = Debug|x64
		{B4E2F0AE-5D1C-4F88-9D1C-AF1C8C9E3A21}.Release|x64.ActiveCfg = Release|x64
		{B4E2F0AE-5D1C-4F88-9D1C-AF1C8C9E3A21}.Release|x64.Build.0 = Release|x64
		{A6C4B2E1-3F8D-4F1A-9C2E-5B9F0D7A1234}.Debug|x64.ActiveCfg = Debug|x64
		{A6C4B2E1-3F8D-4F1A-9C2E-5B9F0D7A1234}.Debug|x64.Build.0 = Debug|x64
		{A6C4B2E1-3F8D-4F1A-9C2E-5B9F0D7A1234}.Release|x64.ActiveCfg = Release|x64
		{A6C4B2E1-3F8D-4F1A-9C2E-5B9F0D7A1234}.Release|x64.Build.0 = Release|x64
	EndGlobalSection
	GlobalSection(SolutionProperties) = preSolution
		HideSolutionNode = FALSE
	EndGlobalSection
EndGlobal
